
Microsoft Visual Studio Solution File, Format Version 12.00
# Visual Studio Version 17
VisualStudioVersion = 17.5.002.0
MinimumVisualStudioVersion = 10.0.40219.1
Project("{9A19103F-16F7-4668-BE54-9A1E7A4F7556}") = "Product.Api", "Product.Api\Product.Api.csproj", "{C1D5B210-08A1-4194-8317-38FB4F957726}"
EndProject
Global
	GlobalSection(SolutionConfigurationPlatforms) = preSolution
		Debug|Any CPU = Debug|Any CPU
		Release|Any CPU = Release|Any CPU
	EndGlobalSection
	GlobalSection(ProjectConfigurationPlatforms) = postSolution
		{C1D5B210-08A1-4194-8317-38FB4F957726}.Debug|Any CPU.ActiveCfg = Debug|Any CPU
		{C1D5B210-08A1-4194-8317-38FB4F957726}.Debug|Any CPU.Build.0 = Debug|Any CPU
		{C1D5B210-08A1-4194-8317-38FB4F957726}.Release|Any CPU.ActiveCfg = Release|Any CPU
		{C1D5B210-08A1-4194-8317-38FB4F957726}.Release|Any CPU.Build.0 = Release|Any CPU
	EndGlobalSection
	GlobalSection(SolutionProperties) = preSolution
		HideSolutionNode = FALSE
	EndGlobalSection
	GlobalSection(ExtensibilityGlobals) = postSolution
		SolutionGuid = {ABAA0A1B-66BB-4019-957B-5529E3DED2E1}
	EndGlobalSection
EndGlobal
